
Microsoft Visual Studio Solution File, Format Version 12.00
# Visual Studio 15
VisualStudioVersion = 15.0.27703.2042
MinimumVisualStudioVersion = 10.0.40219.1
Project("{FAE04EC0-301F-11D3-BF4B-00C04F79EFBC}") = "cawliss", "cawliss\cawliss.csproj", "{CAE3F72B-6F7A-41EB-BEAA-0906E28E46EE}"
EndProject
Global
	GlobalSection(SolutionConfigurationPlatforms) = preSolution
		Debug|Any CPU = Debug|Any CPU
		Release|Any CPU = Release|Any CPU
	EndGlobalSection
	GlobalSection(ProjectConfigurationPlatforms) = postSolution
		{CAE3F72B-6F7A-41EB-BEAA-0906E28E46EE}.Debug|Any CPU.ActiveCfg = Debug|Any CPU
		{CAE3F72B-6F7A-41EB-BEAA-0906E28E46EE}.Debug|Any CPU.Build.0 = Debug|Any CPU
		{CAE3F72B-6F7A-41EB-BEAA-0906E28E46EE}.Release|Any CPU.ActiveCfg = Release|Any CPU
		{CAE3F72B-6F7A-41EB-BEAA-0906E28E46EE}.Release|Any CPU.Build.0 = Release|Any CPU
	EndGlobalSection
	GlobalSection(SolutionProperties) = preSolution
		HideSolutionNode = FALSE
	EndGlobalSection
	GlobalSection(ExtensibilityGlobals) = postSolution
		SolutionGuid = {6C0858BB-645F-4F6B-92F6-8C17D3091D1B}
	EndGlobalSection
EndGlobal
